
Microsoft Visual Studio Solution File, Format Version 12.00
# Visual Studio Version 16
VisualStudioVersion = 16.0.31515.178
MinimumVisualStudioVersion = 10.0.40219.1
Project("{888888A0-9F3D-457C-B088-3A5042F75D52}") = "Week8Lab1", "Week8Lab1.pyproj", "{E39F9545-9528-46DE-BA04-05A1B73FB07E}"
EndProject
Global
	GlobalSection(SolutionConfigurationPlatforms) = preSolution
		Debug|Any CPU = Debug|Any CPU
		Release|Any CPU = Release|Any CPU
	EndGlobalSection
	GlobalSection(ProjectConfigurationPlatforms) = postSolution
		{E39F9545-9528-46DE-BA04-05A1B73FB07E}.Debug|Any CPU.ActiveCfg = Debug|Any CPU
		{E39F9545-9528-46DE-BA04-05A1B73FB07E}.Release|Any CPU.ActiveCfg = Release|Any CPU
	EndGlobalSection
	GlobalSection(SolutionProperties) = preSolution
		HideSolutionNode = FALSE
	EndGlobalSection
	GlobalSection(ExtensibilityGlobals) = postSolution
		SolutionGuid = {A71B18B4-2DED-40EC-8461-9C83960E8C59}
	EndGlobalSection
EndGlobal
